
Microsoft Visual Studio Solution File, Format Version 12.00
# Visual Studio Version 17
VisualStudioVersion = 17.9.34701.34
MinimumVisualStudioVersion = 10.0.40219.1
Project("{FAE04EC0-301F-11D3-BF4B-00C04F79EFBC}") = "Break_Y_continue1", "Break_Y_continue1\Break_Y_continue1.csproj", "{829475BA-186E-4640-A10A-81E529A500F9}"
EndProject
Global
	GlobalSection(SolutionConfigurationPlatforms) = preSolution
		Debug|Any CPU = Debug|Any CPU
		Release|Any CPU = Release|Any CPU
	EndGlobalSection
	GlobalSection(ProjectConfigurationPlatforms) = postSolution
		{829475BA-186E-4640-A10A-81E529A500F9}.Debug|Any CPU.ActiveCfg = Debug|Any CPU
		{829475BA-186E-4640-A10A-81E529A500F9}.Debug|Any CPU.Build.0 = Debug|Any CPU
		{829475BA-186E-4640-A10A-81E529A500F9}.Release|Any CPU.ActiveCfg = Release|Any CPU
		{829475BA-186E-4640-A10A-81E529A500F9}.Release|Any CPU.Build.0 = Release|Any CPU
	EndGlobalSection
	GlobalSection(SolutionProperties) = preSolution
		HideSolutionNode = FALSE
	EndGlobalSection
	GlobalSection(ExtensibilityGlobals) = postSolution
		SolutionGuid = {84F9361B-6C09-4D6F-967B-5FABD604F8C2}
	EndGlobalSection
EndGlobal
