
Microsoft Visual Studio Solution File, Format Version 12.00
# Visual Studio Version 17
VisualStudioVersion = 17.9.34701.34
MinimumVisualStudioVersion = 10.0.40219.1
Project("{FAE04EC0-301F-11D3-BF4B-00C04F79EFBC}") = "zooConInterfazGrafica", "zooConInterfazGrafica\zooConInterfazGrafica.csproj", "{3EE2FC3E-B730-4CF9-9154-DF5DF5FDCDAE}"
EndProject
Global
	GlobalSection(SolutionConfigurationPlatforms) = preSolution
		Debug|Any CPU = Debug|Any CPU
		Release|Any CPU = Release|Any CPU
	EndGlobalSection
	GlobalSection(ProjectConfigurationPlatforms) = postSolution
		{3EE2FC3E-B730-4CF9-9154-DF5DF5FDCDAE}.Debug|Any CPU.ActiveCfg = Debug|Any CPU
		{3EE2FC3E-B730-4CF9-9154-DF5DF5FDCDAE}.Debug|Any CPU.Build.0 = Debug|Any CPU
		{3EE2FC3E-B730-4CF9-9154-DF5DF5FDCDAE}.Release|Any CPU.ActiveCfg = Release|Any CPU
		{3EE2FC3E-B730-4CF9-9154-DF5DF5FDCDAE}.Release|Any CPU.Build.0 = Release|Any CPU
	EndGlobalSection
	GlobalSection(SolutionProperties) = preSolution
		HideSolutionNode = FALSE
	EndGlobalSection
	GlobalSection(ExtensibilityGlobals) = postSolution
		SolutionGuid = {A530160B-1C07-43E3-AF57-3747433E11E6}
	EndGlobalSection
EndGlobal
