
Microsoft Visual Studio Solution File, Format Version 12.00
# Visual Studio Version 17
VisualStudioVersion = 17.9.34701.34
MinimumVisualStudioVersion = 10.0.40219.1
Project("{FAE04EC0-301F-11D3-BF4B-00C04F79EFBC}") = "Metodos", "Metodos\Metodos.csproj", "{A16A4464-43AB-4657-A6C5-78C95FF5F33B}"
EndProject
Global
	GlobalSection(SolutionConfigurationPlatforms) = preSolution
		Debug|Any CPU = Debug|Any CPU
		Release|Any CPU = Release|Any CPU
	EndGlobalSection
	GlobalSection(ProjectConfigurationPlatforms) = postSolution
		{A16A4464-43AB-4657-A6C5-78C95FF5F33B}.Debug|Any CPU.ActiveCfg = Debug|Any CPU
		{A16A4464-43AB-4657-A6C5-78C95FF5F33B}.Debug|Any CPU.Build.0 = Debug|Any CPU
		{A16A4464-43AB-4657-A6C5-78C95FF5F33B}.Release|Any CPU.ActiveCfg = Release|Any CPU
		{A16A4464-43AB-4657-A6C5-78C95FF5F33B}.Release|Any CPU.Build.0 = Release|Any CPU
	EndGlobalSection
	GlobalSection(SolutionProperties) = preSolution
		HideSolutionNode = FALSE
	EndGlobalSection
	GlobalSection(ExtensibilityGlobals) = postSolution
		SolutionGuid = {5C407096-FAD0-4419-A9D3-59123D2ED718}
	EndGlobalSection
EndGlobal
