
Microsoft Visual Studio Solution File, Format Version 12.00
# Visual Studio Version 17
VisualStudioVersion = 17.9.34701.34
MinimumVisualStudioVersion = 10.0.40219.1
Project("{FAE04EC0-301F-11D3-BF4B-00C04F79EFBC}") = "Preguntas y respuestas", "Preguntas y respuestas\Preguntas y respuestas.csproj", "{B53476F3-39F3-435A-B342-8DBEBFC59CA9}"
EndProject
Global
	GlobalSection(SolutionConfigurationPlatforms) = preSolution
		Debug|Any CPU = Debug|Any CPU
		Release|Any CPU = Release|Any CPU
	EndGlobalSection
	GlobalSection(ProjectConfigurationPlatforms) = postSolution
		{B53476F3-39F3-435A-B342-8DBEBFC59CA9}.Debug|Any CPU.ActiveCfg = Debug|Any CPU
		{B53476F3-39F3-435A-B342-8DBEBFC59CA9}.Debug|Any CPU.Build.0 = Debug|Any CPU
		{B53476F3-39F3-435A-B342-8DBEBFC59CA9}.Release|Any CPU.ActiveCfg = Release|Any CPU
		{B53476F3-39F3-435A-B342-8DBEBFC59CA9}.Release|Any CPU.Build.0 = Release|Any CPU
	EndGlobalSection
	GlobalSection(SolutionProperties) = preSolution
		HideSolutionNode = FALSE
	EndGlobalSection
	GlobalSection(ExtensibilityGlobals) = postSolution
		SolutionGuid = {2309707C-2AC2-49B9-8254-1F491FF8EF83}
	EndGlobalSection
EndGlobal
